
Microsoft Visual Studio Solution File, Format Version 12.00
Project("{2150E333-8FDC-42A3-9474-1A3956D46DE8}") = "Server", "Server", "{881465EF-E0B2-4FD4-8309-4FCAE47AC4E7}"
EndProject
Project("{FAE04EC0-301F-11D3-BF4B-00C04F79EFBC}") = "Entities", "Entities\Entities.csproj", "{58EDE672-0C68-4F85-83B1-5C854A29A2B5}"
EndProject
Project("{FAE04EC0-301F-11D3-BF4B-00C04F79EFBC}") = "RepositoryContracts", "RepositoryContracts\RepositoryContracts.csproj", "{934AC12F-1F07-4A70-9710-9F39DF96B692}"
EndProject
Project("{FAE04EC0-301F-11D3-BF4B-00C04F79EFBC}") = "CLI", "CLI\CLI.csproj", "{21C51FC5-215F-4986-99D5-9385045A7A79}"
EndProject
Project("{2150E333-8FDC-42A3-9474-1A3956D46DE8}") = "Shared", "Shared", "{419E4887-82AE-4DC3-8184-41B28E5EA258}"
EndProject
Project("{FAE04EC0-301F-11D3-BF4B-00C04F79EFBC}") = "ApiContracts", "ApiContracts\ApiContracts.csproj", "{69F7FED8-70E5-4D9A-9A0B-46A293EA905F}"
EndProject
Project("{FAE04EC0-301F-11D3-BF4B-00C04F79EFBC}") = "WebAPI", "WebAPI\WebAPI.csproj", "{1DB1C5B1-B9D5-449F-8022-D592291ED573}"
EndProject
Project("{FAE04EC0-301F-11D3-BF4B-00C04F79EFBC}") = "FileRepositories", "FileRepositories\FileRepositories.csproj", "{C8DB80BB-96C8-4036-9C6B-EF132BD73500}"
EndProject
Global
	GlobalSection(SolutionConfigurationPlatforms) = preSolution
		Debug|Any CPU = Debug|Any CPU
		Release|Any CPU = Release|Any CPU
		
	EndGlobalSection
	GlobalSection(NestedProjects) = preSolution
		{58EDE672-0C68-4F85-83B1-5C854A29A2B5} = {881465EF-E0B2-4FD4-8309-4FCAE47AC4E7}
		{934AC12F-1F07-4A70-9710-9F39DF96B692} = {881465EF-E0B2-4FD4-8309-4FCAE47AC4E7}
		{21C51FC5-215F-4986-99D5-9385045A7A79} = {881465EF-E0B2-4FD4-8309-4FCAE47AC4E7}
		{69F7FED8-70E5-4D9A-9A0B-46A293EA905F} = {419E4887-82AE-4DC3-8184-41B28E5EA258}
		{1DB1C5B1-B9D5-449F-8022-D592291ED573} = {881465EF-E0B2-4FD4-8309-4FCAE47AC4E7}
		{C8DB80BB-96C8-4036-9C6B-EF132BD73500} = {881465EF-E0B2-4FD4-8309-4FCAE47AC4E7}
	EndGlobalSection
	GlobalSection(ProjectConfigurationPlatforms) = postSolution
		{58EDE672-0C68-4F85-83B1-5C854A29A2B5}.Debug|Any CPU.ActiveCfg = Debug|Any CPU
		{58EDE672-0C68-4F85-83B1-5C854A29A2B5}.Debug|Any CPU.Build.0 = Debug|Any CPU
		{58EDE672-0C68-4F85-83B1-5C854A29A2B5}.Release|Any CPU.ActiveCfg = Release|Any CPU
		{58EDE672-0C68-4F85-83B1-5C854A29A2B5}.Release|Any CPU.Build.0 = Release|Any CPU
		{934AC12F-1F07-4A70-9710-9F39DF96B692}.Debug|Any CPU.ActiveCfg = Debug|Any CPU
		{934AC12F-1F07-4A70-9710-9F39DF96B692}.Debug|Any CPU.Build.0 = Debug|Any CPU
		{934AC12F-1F07-4A70-9710-9F39DF96B692}.Release|Any CPU.ActiveCfg = Release|Any CPU
		{934AC12F-1F07-4A70-9710-9F39DF96B692}.Release|Any CPU.Build.0 = Release|Any CPU
		{21C51FC5-215F-4986-99D5-9385045A7A79}.Debug|Any CPU.ActiveCfg = Debug|Any CPU
		{21C51FC5-215F-4986-99D5-9385045A7A79}.Debug|Any CPU.Build.0 = Debug|Any CPU
		{21C51FC5-215F-4986-99D5-9385045A7A79}.Release|Any CPU.ActiveCfg = Release|Any CPU
		{21C51FC5-215F-4986-99D5-9385045A7A79}.Release|Any CPU.Build.0 = Release|Any CPU
		{69F7FED8-70E5-4D9A-9A0B-46A293EA905F}.Debug|Any CPU.ActiveCfg = Debug|Any CPU
		{69F7FED8-70E5-4D9A-9A0B-46A293EA905F}.Debug|Any CPU.Build.0 = Debug|Any CPU
		{69F7FED8-70E5-4D9A-9A0B-46A293EA905F}.Release|Any CPU.ActiveCfg = Release|Any CPU
		{69F7FED8-70E5-4D9A-9A0B-46A293EA905F}.Release|Any CPU.Build.0 = Release|Any CPU
		{1DB1C5B1-B9D5-449F-8022-D592291ED573}.Debug|Any CPU.ActiveCfg = Debug|Any CPU
		{1DB1C5B1-B9D5-449F-8022-D592291ED573}.Debug|Any CPU.Build.0 = Debug|Any CPU
		{1DB1C5B1-B9D5-449F-8022-D592291ED573}.Release|Any CPU.ActiveCfg = Release|Any CPU
		{1DB1C5B1-B9D5-449F-8022-D592291ED573}.Release|Any CPU.Build.0 = Release|Any CPU
		{C8DB80BB-96C8-4036-9C6B-EF132BD73500}.Debug|Any CPU.ActiveCfg = Debug|Any CPU
		{C8DB80BB-96C8-4036-9C6B-EF132BD73500}.Debug|Any CPU.Build.0 = Debug|Any CPU
		{C8DB80BB-96C8-4036-9C6B-EF132BD73500}.Release|Any CPU.ActiveCfg = Release|Any CPU
		{C8DB80BB-96C8-4036-9C6B-EF132BD73500}.Release|Any CPU.Build.0 = Release|Any CPU
	EndGlobalSection
EndGlobal
